
Microsoft Visual Studio Solution File, Format Version 12.00
# Visual Studio Version 17
VisualStudioVersion = 17.13.35913.81
MinimumVisualStudioVersion = 10.0.40219.1
Project("{2150E333-8FDC-42A3-9474-1A3956D46DE8}") = "Services", "Services", "{02EA681E-C7D8-13C7-8484-4AC65E1B71E8}"
EndProject
Project("{2150E333-8FDC-42A3-9474-1A3956D46DE8}") = "Catalog", "Catalog", "{59FCD4CC-CC02-4143-AEEE-771A759BBDF3}"
EndProject
Project("{FAE04EC0-301F-11D3-BF4B-00C04F79EFBC}") = "Catalog.API", "Services\Catalog\Catalog.API\Catalog.API.csproj", "{AB381E4D-7E61-4FE5-9129-3358026CDF91}"
EndProject
Project("{2150E333-8FDC-42A3-9474-1A3956D46DE8}") = "BuildingBlocks", "BuildingBlocks", "{C812F4AD-AF75-42EC-B9B1-C9FEA86B96AC}"
EndProject
Project("{FAE04EC0-301F-11D3-BF4B-00C04F79EFBC}") = "BuildingBlocks", "BuildingBlocks\BuildingBlocks\BuildingBlocks.csproj", "{CBB83D79-8CEB-4D74-9DD0-402F870BC7F7}"
EndProject
Global
	GlobalSection(SolutionConfigurationPlatforms) = preSolution
		Debug|Any CPU = Debug|Any CPU
		Release|Any CPU = Release|Any CPU
	EndGlobalSection
	GlobalSection(ProjectConfigurationPlatforms) = postSolution
		{AB381E4D-7E61-4FE5-9129-3358026CDF91}.Debug|Any CPU.ActiveCfg = Debug|Any CPU
		{AB381E4D-7E61-4FE5-9129-3358026CDF91}.Debug|Any CPU.Build.0 = Debug|Any CPU
		{AB381E4D-7E61-4FE5-9129-3358026CDF91}.Release|Any CPU.ActiveCfg = Release|Any CPU
		{AB381E4D-7E61-4FE5-9129-3358026CDF91}.Release|Any CPU.Build.0 = Release|Any CPU
		{CBB83D79-8CEB-4D74-9DD0-402F870BC7F7}.Debug|Any CPU.ActiveCfg = Debug|Any CPU
		{CBB83D79-8CEB-4D74-9DD0-402F870BC7F7}.Debug|Any CPU.Build.0 = Debug|Any CPU
		{CBB83D79-8CEB-4D74-9DD0-402F870BC7F7}.Release|Any CPU.ActiveCfg = Release|Any CPU
		{CBB83D79-8CEB-4D74-9DD0-402F870BC7F7}.Release|Any CPU.Build.0 = Release|Any CPU
	EndGlobalSection
	GlobalSection(SolutionProperties) = preSolution
		HideSolutionNode = FALSE
	EndGlobalSection
	GlobalSection(NestedProjects) = preSolution
		{59FCD4CC-CC02-4143-AEEE-771A759BBDF3} = {02EA681E-C7D8-13C7-8484-4AC65E1B71E8}
		{AB381E4D-7E61-4FE5-9129-3358026CDF91} = {59FCD4CC-CC02-4143-AEEE-771A759BBDF3}
		{CBB83D79-8CEB-4D74-9DD0-402F870BC7F7} = {C812F4AD-AF75-42EC-B9B1-C9FEA86B96AC}
	EndGlobalSection
	GlobalSection(ExtensibilityGlobals) = postSolution
		SolutionGuid = {810F1F48-8B34-4F47-B621-E236AAE97BA7}
	EndGlobalSection
EndGlobal
